// !$*UTF8*$!
{
	archiveVersion = 1;
	classes = {
	};
	objectVersion = 55;
	objects = {

/* Begin PBXBuildFile section */
		34B484B999C84B0602941055 /* Pods_SafeAirDevice.framework in Frameworks */ = {isa = PBXBuildFile; fileRef = F2F7C10DB612F7B70F7E4F07 /* Pods_SafeAirDevice.framework */; };
		621F305527CD74DB0032328C /* TempChartViewController.swift in Sources */ = {isa = PBXBuildFile; fileRef = 621F305427CD74DB0032328C /* TempChartViewController.swift */; };
		621F305727CD9F390032328C /* HumidChartViewController.swift in Sources */ = {isa = PBXBuildFile; fileRef = 621F305627CD9F390032328C /* HumidChartViewController.swift */; };
		621F305927CDA1750032328C /* Co2ChartViewController.swift in Sources */ = {isa = PBXBuildFile; fileRef = 621F305827CDA1750032328C /* Co2ChartViewController.swift */; };
		621F305D27CDA1F70032328C /* CapChartViewController.swift in Sources */ = {isa = PBXBuildFile; fileRef = 621F305C27CDA1F70032328C /* CapChartViewController.swift */; };
		626C90A927C814CE001F9F23 /* LocationMetrics.swift in Sources */ = {isa = PBXBuildFile; fileRef = 626C90A827C814CE001F9F23 /* LocationMetrics.swift */; };
		628532FF27C02A87003B50BC /* GoogleService-Info.plist in Resources */ = {isa = PBXBuildFile; fileRef = 628532FE27C02A87003B50BC /* GoogleService-Info.plist */; };
		62E261B727C01AFA00BD3EA1 /* AppDelegate.swift in Sources */ = {isa = PBXBuildFile; fileRef = 62E261B627C01AFA00BD3EA1 /* AppDelegate.swift */; };
		62E261B927C01AFA00BD3EA1 /* SceneDelegate.swift in Sources */ = {isa = PBXBuildFile; fileRef = 62E261B827C01AFA00BD3EA1 /* SceneDelegate.swift */; };
		62E261BB27C01AFA00BD3EA1 /* LoginScreen.swift in Sources */ = {isa = PBXBuildFile; fileRef = 62E261BA27C01AFA00BD3EA1 /* LoginScreen.swift */; };
		62E261BE27C01AFA00BD3EA1 /* Main.storyboard in Resources */ = {isa = PBXBuildFile; fileRef = 62E261BC27C01AFA00BD3EA1 /* Main.storyboard */; };
		62E261C027C01AFC00BD3EA1 /* Assets.xcassets in Resources */ = {isa = PBXBuildFile; fileRef = 62E261BF27C01AFC00BD3EA1 /* Assets.xcassets */; };
		62E261C327C01AFC00BD3EA1 /* LaunchScreen.storyboard in Resources */ = {isa = PBXBuildFile; fileRef = 62E261C127C01AFC00BD3EA1 /* LaunchScreen.storyboard */; };
		62F2727927D2B3C400D27AE6 /* OwnerTempChartViewController.swift in Sources */ = {isa = PBXBuildFile; fileRef = 62F2727827D2B3C400D27AE6 /* OwnerTempChartViewController.swift */; };
		62F2727B27D2B76100D27AE6 /* OwnerCapChartViewController.swift in Sources */ = {isa = PBXBuildFile; fileRef = 62F2727A27D2B76100D27AE6 /* OwnerCapChartViewController.swift */; };
		62F2727D27D2BA1000D27AE6 /* OwnerHumidChartViewController.swift in Sources */ = {isa = PBXBuildFile; fileRef = 62F2727C27D2BA1000D27AE6 /* OwnerHumidChartViewController.swift */; };
		62F2727F27D2BCC500D27AE6 /* OwnerCo2ChartViewController.swift in Sources */ = {isa = PBXBuildFile; fileRef = 62F2727E27D2BCC500D27AE6 /* OwnerCo2ChartViewController.swift */; };
/* End PBXBuildFile section */

/* Begin PBXFileReference section */
		1957340356B43BC13F55705A /* Pods-SafeAirDevice.release.xcconfig */ = {isa = PBXFileReference; includeInIndex = 1; lastKnownFileType = text.xcconfig; name = "Pods-SafeAirDevice.release.xcconfig"; path = "Target Support Files/Pods-SafeAirDevice/Pods-SafeAirDevice.release.xcconfig"; sourceTree = "<group>"; };
		556C1A6712166DD3BA3BE014 /* Pods-SafeAirDevice.debug.xcconfig */ = {isa = PBXFileReference; includeInIndex = 1; lastKnownFileType = text.xcconfig; name = "Pods-SafeAirDevice.debug.xcconfig"; path = "Target Support Files/Pods-SafeAirDevice/Pods-SafeAirDevice.debug.xcconfig"; sourceTree = "<group>"; };
		621F305427CD74DB0032328C /* TempChartViewController.swift */ = {isa = PBXFileReference; lastKnownFileType = sourcecode.swift; path = TempChartViewController.swift; sourceTree = "<group>"; };
		621F305627CD9F390032328C /* HumidChartViewController.swift */ = {isa = PBXFileReference; lastKnownFileType = sourcecode.swift; path = HumidChartViewController.swift; sourceTree = "<group>"; };
		621F305827CDA1750032328C /* Co2ChartViewController.swift */ = {isa = PBXFileReference; lastKnownFileType = sourcecode.swift; path = Co2ChartViewController.swift; sourceTree = "<group>"; };
		621F305C27CDA1F70032328C /* CapChartViewController.swift */ = {isa = PBXFileReference; lastKnownFileType = sourcecode.swift; path = CapChartViewController.swift; sourceTree = "<group>"; };
		626C90A827C814CE001F9F23 /* LocationMetrics.swift */ = {isa = PBXFileReference; lastKnownFileType = sourcecode.swift; path = LocationMetrics.swift; sourceTree = "<group>"; };
		628532FE27C02A87003B50BC /* GoogleService-Info.plist */ = {isa = PBXFileReference; fileEncoding = 4; lastKnownFileType = text.plist.xml; path = "GoogleService-Info.plist"; sourceTree = "<group>"; };
		62E261B327C01AFA00BD3EA1 /* SafeAirDevice.app */ = {isa = PBXFileReference; explicitFileType = wrapper.application; includeInIndex = 0; path = SafeAirDevice.app; sourceTree = BUILT_PRODUCTS_DIR; };
		62E261B627C01AFA00BD3EA1 /* AppDelegate.swift */ = {isa = PBXFileReference; lastKnownFileType = sourcecode.swift; path = AppDelegate.swift; sourceTree = "<group>"; };
		62E261B827C01AFA00BD3EA1 /* SceneDelegate.swift */ = {isa = PBXFileReference; lastKnownFileType = sourcecode.swift; path = SceneDelegate.swift; sourceTree = "<group>"; };
		62E261BA27C01AFA00BD3EA1 /* LoginScreen.swift */ = {isa = PBXFileReference; lastKnownFileType = sourcecode.swift; path = LoginScreen.swift; sourceTree = "<group>"; };
		62E261BD27C01AFA00BD3EA1 /* Base */ = {isa = PBXFileReference; lastKnownFileType = file.storyboard; name = Base; path = Base.lproj/Main.storyboard; sourceTree = "<group>"; };
		62E261BF27C01AFC00BD3EA1 /* Assets.xcassets */ = {isa = PBXFileReference; lastKnownFileType = folder.assetcatalog; path = Assets.xcassets; sourceTree = "<group>"; };
		62E261C227C01AFC00BD3EA1 /* Base */ = {isa = PBXFileReference; lastKnownFileType = file.storyboard; name = Base; path = Base.lproj/LaunchScreen.storyboard; sourceTree = "<group>"; };
		62E261C427C01AFC00BD3EA1 /* Info.plist */ = {isa = PBXFileReference; lastKnownFileType = text.plist.xml; path = Info.plist; sourceTree = "<group>"; };
		62F2727827D2B3C400D27AE6 /* OwnerTempChartViewController.swift */ = {isa = PBXFileReference; lastKnownFileType = sourcecode.swift; path = OwnerTempChartViewController.swift; sourceTree = "<group>"; };
		62F2727A27D2B76100D27AE6 /* OwnerCapChartViewController.swift */ = {isa = PBXFileReference; lastKnownFileType = sourcecode.swift; path = OwnerCapChartViewController.swift; sourceTree = "<group>"; };
		62F2727C27D2BA1000D27AE6 /* OwnerHumidChartViewController.swift */ = {isa = PBXFileReference; lastKnownFileType = sourcecode.swift; path = OwnerHumidChartViewController.swift; sourceTree = "<group>"; };
		62F2727E27D2BCC500D27AE6 /* OwnerCo2ChartViewController.swift */ = {isa = PBXFileReference; lastKnownFileType = sourcecode.swift; path = OwnerCo2ChartViewController.swift; sourceTree = "<group>"; };
		F2F7C10DB612F7B70F7E4F07 /* Pods_SafeAirDevice.framework */ = {isa = PBXFileReference; explicitFileType = wrapper.framework; includeInIndex = 0; path = Pods_SafeAirDevice.framework; sourceTree = BUILT_PRODUCTS_DIR; };
/* End PBXFileReference section */

/* Begin PBXFrameworksBuildPhase section */
		62E261B027C01AFA00BD3EA1 /* Frameworks */ = {
			isa = PBXFrameworksBuildPhase;
			buildActionMask = 2147483647;
			files = (
				34B484B999C84B0602941055 /* Pods_SafeAirDevice.framework in Frameworks */,
			);
			runOnlyForDeploymentPostprocessing = 0;
		};
/* End PBXFrameworksBuildPhase section */

/* Begin PBXGroup section */
		6285330A27C07E00003B50BC /* ViewModels */ = {
			isa = PBXGroup;
			children = (
			);
			path = ViewModels;
			sourceTree = "<group>";
		};
		62E261AA27C01AFA00BD3EA1 = {
			isa = PBXGroup;
			children = (
				62E261B527C01AFA00BD3EA1 /* SafeAirDevice */,
				62E261B427C01AFA00BD3EA1 /* Products */,
				6FC9C643ECCD9779A0B4D2CB /* Pods */,
				D5EE6B643D376A090C742F66 /* Frameworks */,
			);
			sourceTree = "<group>";
		};
		62E261B427C01AFA00BD3EA1 /* Products */ = {
			isa = PBXGroup;
			children = (
				62E261B327C01AFA00BD3EA1 /* SafeAirDevice.app */,
			);
			name = Products;
			sourceTree = "<group>";
		};
		62E261B527C01AFA00BD3EA1 /* SafeAirDevice */ = {
			isa = PBXGroup;
			children = (
				628532FE27C02A87003B50BC /* GoogleService-Info.plist */,
				62E261B627C01AFA00BD3EA1 /* AppDelegate.swift */,
				62E261B827C01AFA00BD3EA1 /* SceneDelegate.swift */,
				62E261BA27C01AFA00BD3EA1 /* LoginScreen.swift */,
				626C90A827C814CE001F9F23 /* LocationMetrics.swift */,
				621F305427CD74DB0032328C /* TempChartViewController.swift */,
				621F305627CD9F390032328C /* HumidChartViewController.swift */,
				621F305827CDA1750032328C /* Co2ChartViewController.swift */,
				621F305C27CDA1F70032328C /* CapChartViewController.swift */,
				62F2727A27D2B76100D27AE6 /* OwnerCapChartViewController.swift */,
				62F2727C27D2BA1000D27AE6 /* OwnerHumidChartViewController.swift */,
				62E261BC27C01AFA00BD3EA1 /* Main.storyboard */,
				62F2727E27D2BCC500D27AE6 /* OwnerCo2ChartViewController.swift */,
				62F2727827D2B3C400D27AE6 /* OwnerTempChartViewController.swift */,
				6285330A27C07E00003B50BC /* ViewModels */,
				62E261BF27C01AFC00BD3EA1 /* Assets.xcassets */,
				62E261C127C01AFC00BD3EA1 /* LaunchScreen.storyboard */,
				62E261C427C01AFC00BD3EA1 /* Info.plist */,
			);
			path = SafeAirDevice;
			sourceTree = "<group>";
		};
		6FC9C643ECCD9779A0B4D2CB /* Pods */ = {
			isa = PBXGroup;
			children = (
				556C1A6712166DD3BA3BE014 /* Pods-SafeAirDevice.debug.xcconfig */,
				1957340356B43BC13F55705A /* Pods-SafeAirDevice.release.xcconfig */,
			);
			path = Pods;
			sourceTree = "<group>";
		};
		D5EE6B643D376A090C742F66 /* Frameworks */ = {
			isa = PBXGroup;
			children = (
				F2F7C10DB612F7B70F7E4F07 /* Pods_SafeAirDevice.framework */,
			);
			name = Frameworks;
			sourceTree = "<group>";
		};
/* End PBXGroup section */

/* Begin PBXNativeTarget section */
		62E261B227C01AFA00BD3EA1 /* SafeAirDevice */ = {
			isa = PBXNativeTarget;
			buildConfigurationList = 62E261C727C01AFC00BD3EA1 /* Build configuration list for PBXNativeTarget "SafeAirDevice" */;
			buildPhases = (
				B0563DD71263058601747947 /* [CP] Check Pods Manifest.lock */,
				62E261AF27C01AFA00BD3EA1 /* Sources */,
				62E261B027C01AFA00BD3EA1 /* Frameworks */,
				62E261B127C01AFA00BD3EA1 /* Resources */,
				99729B40C0D7CB359B704B3F /* [CP] Embed Pods Frameworks */,
			);
			buildRules = (
			);
			dependencies = (
			);
			name = SafeAirDevice;
			productName = SafeAirDevice;
			productReference = 62E261B327C01AFA00BD3EA1 /* SafeAirDevice.app */;
			productType = "com.apple.product-type.application";
		};
/* End PBXNativeTarget section */

/* Begin PBXProject section */
		62E261AB27C01AFA00BD3EA1 /* Project object */ = {
			isa = PBXProject;
			attributes = {
				BuildIndependentTargetsInParallel = 1;
				LastSwiftUpdateCheck = 1320;
				LastUpgradeCheck = 1320;
				TargetAttributes = {
					62E261B227C01AFA00BD3EA1 = {
						CreatedOnToolsVersion = 13.2.1;
					};
				};
			};
			buildConfigurationList = 62E261AE27C01AFA00BD3EA1 /* Build configuration list for PBXProject "SafeAirDevice" */;
			compatibilityVersion = "Xcode 13.0";
			developmentRegion = en;
			hasScannedForEncodings = 0;
			knownRegions = (
				en,
				Base,
			);
			mainGroup = 62E261AA27C01AFA00BD3EA1;
			productRefGroup = 62E261B427C01AFA00BD3EA1 /* Products */;
			projectDirPath = "";
			projectRoot = "";
			targets = (
				62E261B227C01AFA00BD3EA1 /* SafeAirDevice */,
			);
		};
/* End PBXProject section */

/* Begin PBXResourcesBuildPhase section */
		62E261B127C01AFA00BD3EA1 /* Resources */ = {
			isa = PBXResourcesBuildPhase;
			buildActionMask = 2147483647;
			files = (
				62E261C327C01AFC00BD3EA1 /* LaunchScreen.storyboard in Resources */,
				628532FF27C02A87003B50BC /* GoogleService-Info.plist in Resources */,
				62E261C027C01AFC00BD3EA1 /* Assets.xcassets in Resources */,
				62E261BE27C01AFA00BD3EA1 /* Main.storyboard in Resources */,
			);
			runOnlyForDeploymentPostprocessing = 0;
		};
/* End PBXResourcesBuildPhase section */

/* Begin PBXShellScriptBuildPhase section */
		99729B40C0D7CB359B704B3F /* [CP] Embed Pods Frameworks */ = {
			isa = PBXShellScriptBuildPhase;
			buildActionMask = 2147483647;
			files = (
			);
			inputFileListPaths = (
				"${PODS_ROOT}/Target Support Files/Pods-SafeAirDevice/Pods-SafeAirDevice-frameworks-${CONFIGURATION}-input-files.xcfilelist",
			);
			name = "[CP] Embed Pods Frameworks";
			outputFileListPaths = (
				"${PODS_ROOT}/Target Support Files/Pods-SafeAirDevice/Pods-SafeAirDevice-frameworks-${CONFIGURATION}-output-files.xcfilelist",
			);
			runOnlyForDeploymentPostprocessing = 0;
			shellPath = /bin/sh;
			shellScript = "\"${PODS_ROOT}/Target Support Files/Pods-SafeAirDevice/Pods-SafeAirDevice-frameworks.sh\"\n";
			showEnvVarsInLog = 0;
		};
		B0563DD71263058601747947 /* [CP] Check Pods Manifest.lock */ = {
			isa = PBXShellScriptBuildPhase;
			buildActionMask = 2147483647;
			files = (
			);
			inputFileListPaths = (
			);
			inputPaths = (
				"${PODS_PODFILE_DIR_PATH}/Podfile.lock",
				"${PODS_ROOT}/Manifest.lock",
			);
			name = "[CP] Check Pods Manifest.lock";
			outputFileListPaths = (
			);
			outputPaths = (
				"$(DERIVED_FILE_DIR)/Pods-SafeAirDevice-checkManifestLockResult.txt",
			);
			runOnlyForDeploymentPostprocessing = 0;
			shellPath = /bin/sh;
			shellScript = "diff \"${PODS_PODFILE_DIR_PATH}/Podfile.lock\" \"${PODS_ROOT}/Manifest.lock\" > /dev/null\nif [ $? != 0 ] ; then\n    # print error to STDERR\n    echo \"error: The sandbox is not in sync with the Podfile.lock. Run 'pod install' or update your CocoaPods installation.\" >&2\n    exit 1\nfi\n# This output is used by Xcode 'outputs' to avoid re-running this script phase.\necho \"SUCCESS\" > \"${SCRIPT_OUTPUT_FILE_0}\"\n";
			showEnvVarsInLog = 0;
		};
/* End PBXShellScriptBuildPhase section */

/* Begin PBXSourcesBuildPhase section */
		62E261AF27C01AFA00BD3EA1 /* Sources */ = {
			isa = PBXSourcesBuildPhase;
			buildActionMask = 2147483647;
			files = (
				626C90A927C814CE001F9F23 /* LocationMetrics.swift in Sources */,
				621F305927CDA1750032328C /* Co2ChartViewController.swift in Sources */,
				621F305727CD9F390032328C /* HumidChartViewController.swift in Sources */,
				62E261BB27C01AFA00BD3EA1 /* LoginScreen.swift in Sources */,
				62F2727F27D2BCC500D27AE6 /* OwnerCo2ChartViewController.swift in Sources */,
				62F2727927D2B3C400D27AE6 /* OwnerTempChartViewController.swift in Sources */,
				621F305D27CDA1F70032328C /* CapChartViewController.swift in Sources */,
				62F2727B27D2B76100D27AE6 /* OwnerCapChartViewController.swift in Sources */,
				62E261B727C01AFA00BD3EA1 /* AppDelegate.swift in Sources */,
				621F305527CD74DB0032328C /* TempChartViewController.swift in Sources */,
				62E261B927C01AFA00BD3EA1 /* SceneDelegate.swift in Sources */,
				62F2727D27D2BA1000D27AE6 /* OwnerHumidChartViewController.swift in Sources */,
			);
			runOnlyForDeploymentPostprocessing = 0;
		};
/* End PBXSourcesBuildPhase section */

/* Begin PBXVariantGroup section */
		62E261BC27C01AFA00BD3EA1 /* Main.storyboard */ = {
			isa = PBXVariantGroup;
			children = (
				62E261BD27C01AFA00BD3EA1 /* Base */,
			);
			name = Main.storyboard;
			sourceTree = "<group>";
		};
		62E261C127C01AFC00BD3EA1 /* LaunchScreen.storyboard */ = {
			isa = PBXVariantGroup;
			children = (
				62E261C227C01AFC00BD3EA1 /* Base */,
			);
			name = LaunchScreen.storyboard;
			sourceTree = "<group>";
		};
/* End PBXVariantGroup section */

/* Begin XCBuildConfiguration section */
		62E261C527C01AFC00BD3EA1 /* Debug */ = {
			isa = XCBuildConfiguration;
			buildSettings = {
				ALWAYS_SEARCH_USER_PATHS = NO;
				CLANG_ANALYZER_NONNULL = YES;
				CLANG_ANALYZER_NUMBER_OBJECT_CONVERSION = YES_AGGRESSIVE;
				CLANG_CXX_LANGUAGE_STANDARD = "gnu++17";
				CLANG_CXX_LIBRARY = "libc++";
				CLANG_ENABLE_MODULES = YES;
				CLANG_ENABLE_OBJC_ARC = YES;
				CLANG_ENABLE_OBJC_WEAK = YES;
				CLANG_WARN_BLOCK_CAPTURE_AUTORELEASING = YES;
				CLANG_WARN_BOOL_CONVERSION = YES;
				CLANG_WARN_COMMA = YES;
				CLANG_WARN_CONSTANT_CONVERSION = YES;
				CLANG_WARN_DEPRECATED_OBJC_IMPLEMENTATIONS = YES;
				CLANG_WARN_DIRECT_OBJC_ISA_USAGE = YES_ERROR;
				CLANG_WARN_DOCUMENTATION_COMMENTS = YES;
				CLANG_WARN_EMPTY_BODY = YES;
				CLANG_WARN_ENUM_CONVERSION = YES;
				CLANG_WARN_INFINITE_RECURSION = YES;
				CLANG_WARN_INT_CONVERSION = YES;
				CLANG_WARN_NON_LITERAL_NULL_CONVERSION = YES;
				CLANG_WARN_OBJC_IMPLICIT_RETAIN_SELF = YES;
				CLANG_WARN_OBJC_LITERAL_CONVERSION = YES;
				CLANG_WARN_OBJC_ROOT_CLASS = YES_ERROR;
				CLANG_WARN_QUOTED_INCLUDE_IN_FRAMEWORK_HEADER = YES;
				CLANG_WARN_RANGE_LOOP_ANALYSIS = YES;
				CLANG_WARN_STRICT_PROTOTYPES = YES;
				CLANG_WARN_SUSPICIOUS_MOVE = YES;
				CLANG_WARN_UNGUARDED_AVAILABILITY = YES_AGGRESSIVE;
				CLANG_WARN_UNREACHABLE_CODE = YES;
				CLANG_WARN__DUPLICATE_METHOD_MATCH = YES;
				COPY_PHASE_STRIP = NO;
				DEBUG_INFORMATION_FORMAT = dwarf;
				ENABLE_STRICT_OBJC_MSGSEND = YES;
				ENABLE_TESTABILITY = YES;
				GCC_C_LANGUAGE_STANDARD = gnu11;
				GCC_DYNAMIC_NO_PIC = NO;
				GCC_NO_COMMON_BLOCKS = YES;
				GCC_OPTIMIZATION_LEVEL = 0;
				GCC_PREPROCESSOR_DEFINITIONS = (
					"DEBUG=1",
					"$(inherited)",
				);
				GCC_WARN_64_TO_32_BIT_CONVERSION = YES;
				GCC_WARN_ABOUT_RETURN_TYPE = YES_ERROR;
				GCC_WARN_UNDECLARED_SELECTOR = YES;
				GCC_WARN_UNINITIALIZED_AUTOS = YES_AGGRESSIVE;
				GCC_WARN_UNUSED_FUNCTION = YES;
				GCC_WARN_UNUSED_VARIABLE = YES;
				IPHONEOS_DEPLOYMENT_TARGET = 15.2;
				MTL_ENABLE_DEBUG_INFO = INCLUDE_SOURCE;
				MTL_FAST_MATH = YES;
				ONLY_ACTIVE_ARCH = YES;
				SDKROOT = iphoneos;
				SWIFT_ACTIVE_COMPILATION_CONDITIONS = DEBUG;
				SWIFT_OPTIMIZATION_LEVEL = "-Onone";
			};
			name = Debug;
		};
		62E261C627C01AFC00BD3EA1 /* Release */ = {
			isa = XCBuildConfiguration;
			buildSettings = {
				ALWAYS_SEARCH_USER_PATHS = NO;
				CLANG_ANALYZER_NONNULL = YES;
				CLANG_ANALYZER_NUMBER_OBJECT_CONVERSION = YES_AGGRESSIVE;
				CLANG_CXX_LANGUAGE_STANDARD = "gnu++17";
				CLANG_CXX_LIBRARY = "libc++";
				CLANG_ENABLE_MODULES = YES;
				CLANG_ENABLE_OBJC_ARC = YES;
				CLANG_ENABLE_OBJC_WEAK = YES;
				CLANG_WARN_BLOCK_CAPTURE_AUTORELEASING = YES;
				CLANG_WARN_BOOL_CONVERSION = YES;
				CLANG_WARN_COMMA = YES;
				CLANG_WARN_CONSTANT_CONVERSION = YES;
				CLANG_WARN_DEPRECATED_OBJC_IMPLEMENTATIONS = YES;
				CLANG_WARN_DIRECT_OBJC_ISA_USAGE = YES_ERROR;
				CLANG_WARN_DOCUMENTATION_COMMENTS = YES;
				CLANG_WARN_EMPTY_BODY = YES;
				CLANG_WARN_ENUM_CONVERSION = YES;
				CLANG_WARN_INFINITE_RECURSION = YES;
				CLANG_WARN_INT_CONVERSION = YES;
				CLANG_WARN_NON_LITERAL_NULL_CONVERSION = YES;
				CLANG_WARN_OBJC_IMPLICIT_RETAIN_SELF = YES;
				CLANG_WARN_OBJC_LITERAL_CONVERSION = YES;
				CLANG_WARN_OBJC_ROOT_CLASS = YES_ERROR;
				CLANG_WARN_QUOTED_INCLUDE_IN_FRAMEWORK_HEADER = YES;
				CLANG_WARN_RANGE_LOOP_ANALYSIS = YES;
				CLANG_WARN_STRICT_PROTOTYPES = YES;
				CLANG_WARN_SUSPICIOUS_MOVE = YES;
				CLANG_WARN_UNGUARDED_AVAILABILITY = YES_AGGRESSIVE;
				CLANG_WARN_UNREACHABLE_CODE = YES;
				CLANG_WARN__DUPLICATE_METHOD_MATCH = YES;
				COPY_PHASE_STRIP = NO;
				DEBUG_INFORMATION_FORMAT = "dwarf-with-dsym";
				ENABLE_NS_ASSERTIONS = NO;
				ENABLE_STRICT_OBJC_MSGSEND = YES;
				GCC_C_LANGUAGE_STANDARD = gnu11;
				GCC_NO_COMMON_BLOCKS = YES;
				GCC_WARN_64_TO_32_BIT_CONVERSION = YES;
				GCC_WARN_ABOUT_RETURN_TYPE = YES_ERROR;
				GCC_WARN_UNDECLARED_SELECTOR = YES;
				GCC_WARN_UNINITIALIZED_AUTOS = YES_AGGRESSIVE;
				GCC_WARN_UNUSED_FUNCTION = YES;
				GCC_WARN_UNUSED_VARIABLE = YES;
				IPHONEOS_DEPLOYMENT_TARGET = 15.2;
				MTL_ENABLE_DEBUG_INFO = NO;
				MTL_FAST_MATH = YES;
				SDKROOT = iphoneos;
				SWIFT_COMPILATION_MODE = wholemodule;
				SWIFT_OPTIMIZATION_LEVEL = "-O";
				VALIDATE_PRODUCT = YES;
			};
			name = Release;
		};
		62E261C827C01AFC00BD3EA1 /* Debug */ = {
			isa = XCBuildConfiguration;
			baseConfigurationReference = 556C1A6712166DD3BA3BE014 /* Pods-SafeAirDevice.debug.xcconfig */;
			buildSettings = {
				ASSETCATALOG_COMPILER_APPICON_NAME = AppIcon;
				ASSETCATALOG_COMPILER_GLOBAL_ACCENT_COLOR_NAME = AccentColor;
				CODE_SIGN_STYLE = Automatic;
				CURRENT_PROJECT_VERSION = 1;
				DEVELOPMENT_TEAM = "";
				GENERATE_INFOPLIST_FILE = YES;
				INFOPLIST_FILE = SafeAirDevice/Info.plist;
				INFOPLIST_KEY_UIApplicationSupportsIndirectInputEvents = YES;
				INFOPLIST_KEY_UILaunchStoryboardName = LaunchScreen;
				INFOPLIST_KEY_UIMainStoryboardFile = Main;
				INFOPLIST_KEY_UISupportedInterfaceOrientations_iPad = "UIInterfaceOrientationPortrait UIInterfaceOrientationPortraitUpsideDown UIInterfaceOrientationLandscapeLeft UIInterfaceOrientationLandscapeRight";
				INFOPLIST_KEY_UISupportedInterfaceOrientations_iPhone = "UIInterfaceOrientationPortrait UIInterfaceOrientationLandscapeLeft UIInterfaceOrientationLandscapeRight";
				LD_RUNPATH_SEARCH_PATHS = (
					"$(inherited)",
					"@executable_path/Frameworks",
				);
				MARKETING_VERSION = 1.0;
				PRODUCT_BUNDLE_IDENTIFIER = com.SafeAir.SafeAirDevice;
				PRODUCT_NAME = "$(TARGET_NAME)";
				SWIFT_EMIT_LOC_STRINGS = YES;
				SWIFT_VERSION = 5.0;
				TARGETED_DEVICE_FAMILY = "1,2";
			};
			name = Debug;
		};
		62E261C927C01AFC00BD3EA1 /* Release */ = {
			isa = XCBuildConfiguration;
			baseConfigurationReference = 1957340356B43BC13F55705A /* Pods-SafeAirDevice.release.xcconfig */;
			buildSettings = {
				ASSETCATALOG_COMPILER_APPICON_NAME = AppIcon;
				ASSETCATALOG_COMPILER_GLOBAL_ACCENT_COLOR_NAME = AccentColor;
				CODE_SIGN_STYLE = Automatic;
				CURRENT_PROJECT_VERSION = 1;
				DEVELOPMENT_TEAM = "";
				GENERATE_INFOPLIST_FILE = YES;
				INFOPLIST_FILE = SafeAirDevice/Info.plist;
				INFOPLIST_KEY_UIApplicationSupportsIndirectInputEvents = YES;
				INFOPLIST_KEY_UILaunchStoryboardName = LaunchScreen;
				INFOPLIST_KEY_UIMainStoryboardFile = Main;
				INFOPLIST_KEY_UISupportedInterfaceOrientations_iPad = "UIInterfaceOrientationPortrait UIInterfaceOrientationPortraitUpsideDown UIInterfaceOrientationLandscapeLeft UIInterfaceOrientationLandscapeRight";
				INFOPLIST_KEY_UISupportedInterfaceOrientations_iPhone = "UIInterfaceOrientationPortrait UIInterfaceOrientationLandscapeLeft UIInterfaceOrientationLandscapeRight";
				LD_RUNPATH_SEARCH_PATHS = (
					"$(inherited)",
					"@executable_path/Frameworks",
				);
				MARKETING_VERSION = 1.0;
				PRODUCT_BUNDLE_IDENTIFIER = com.SafeAir.SafeAirDevice;
				PRODUCT_NAME = "$(TARGET_NAME)";
				SWIFT_EMIT_LOC_STRINGS = YES;
				SWIFT_VERSION = 5.0;
				TARGETED_DEVICE_FAMILY = "1,2";
			};
			name = Release;
		};
/* End XCBuildConfiguration section */

/* Begin XCConfigurationList section */
		62E261AE27C01AFA00BD3EA1 /* Build configuration list for PBXProject "SafeAirDevice" */ = {
			isa = XCConfigurationList;
			buildConfigurations = (
				62E261C527C01AFC00BD3EA1 /* Debug */,
				62E261C627C01AFC00BD3EA1 /* Release */,
			);
			defaultConfigurationIsVisible = 0;
			defaultConfigurationName = Release;
		};
		62E261C727C01AFC00BD3EA1 /* Build configuration list for PBXNativeTarget "SafeAirDevice" */ = {
			isa = XCConfigurationList;
			buildConfigurations = (
				62E261C827C01AFC00BD3EA1 /* Debug */,
				62E261C927C01AFC00BD3EA1 /* Release */,
			);
			defaultConfigurationIsVisible = 0;
			defaultConfigurationName = Release;
		};
/* End XCConfigurationList section */
	};
	rootObject = 62E261AB27C01AFA00BD3EA1 /* Project object */;
}
